
Microsoft Visual Studio Solution File, Format Version 12.00
# Visual Studio Version 17
VisualStudioVersion = 17.13.35828.75 d17.13
MinimumVisualStudioVersion = 10.0.40219.1
Project("{FAE04EC0-301F-11D3-BF4B-00C04F79EFBC}") = "HabitTracker", "HabitTracker\HabitTracker.csproj", "{82D7B7E4-6930-4D7D-8E6B-DD068389387E}"
EndProject
Global
	GlobalSection(SolutionConfigurationPlatforms) = preSolution
		Debug|Any CPU = Debug|Any CPU
		Release|Any CPU = Release|Any CPU
	EndGlobalSection
	GlobalSection(ProjectConfigurationPlatforms) = postSolution
		{82D7B7E4-6930-4D7D-8E6B-DD068389387E}.Debug|Any CPU.ActiveCfg = Debug|Any CPU
		{82D7B7E4-6930-4D7D-8E6B-DD068389387E}.Debug|Any CPU.Build.0 = Debug|Any CPU
		{82D7B7E4-6930-4D7D-8E6B-DD068389387E}.Release|Any CPU.ActiveCfg = Release|Any CPU
		{82D7B7E4-6930-4D7D-8E6B-DD068389387E}.Release|Any CPU.Build.0 = Release|Any CPU
	EndGlobalSection
	GlobalSection(SolutionProperties) = preSolution
		HideSolutionNode = FALSE
	EndGlobalSection
	GlobalSection(ExtensibilityGlobals) = postSolution
		SolutionGuid = {8877CE2C-A5F3-4A83-A082-135C0541E993}
	EndGlobalSection
EndGlobal
